// !$*UTF8*$!
{
	archiveVersion = 1;
	classes = {
	};
	objectVersion = 55;
	objects = {

/* Begin PBXBuildFile section */
		C3D3A3AC28F875FA00792F78 /* AppDelegate.swift in Sources */ = {isa = PBXBuildFile; fileRef = C3D3A3AB28F875FA00792F78 /* AppDelegate.swift */; };
		C3D3A3AE28F875FA00792F78 /* SceneDelegate.swift in Sources */ = {isa = PBXBuildFile; fileRef = C3D3A3AD28F875FA00792F78 /* SceneDelegate.swift */; };
		C3D3A3B328F875FA00792F78 /* Main.storyboard in Resources */ = {isa = PBXBuildFile; fileRef = C3D3A3B128F875FA00792F78 /* Main.storyboard */; };
		C3D3A3B628F875FA00792F78 /* JimBro.xcdatamodeld in Sources */ = {isa = PBXBuildFile; fileRef = C3D3A3B428F875FA00792F78 /* JimBro.xcdatamodeld */; };
		C3D3A3B828F875FC00792F78 /* Assets.xcassets in Resources */ = {isa = PBXBuildFile; fileRef = C3D3A3B728F875FC00792F78 /* Assets.xcassets */; };
		C3D3A3BB28F875FC00792F78 /* LaunchScreen.storyboard in Resources */ = {isa = PBXBuildFile; fileRef = C3D3A3B928F875FC00792F78 /* LaunchScreen.storyboard */; };
		C3D3A3C328F8765C00792F78 /* BodyPartTableViewController.swift in Sources */ = {isa = PBXBuildFile; fileRef = C3D3A3C228F8765C00792F78 /* BodyPartTableViewController.swift */; };
		C3DC16B828F96816008A6B3F /* ExerciseTableViewController.swift in Sources */ = {isa = PBXBuildFile; fileRef = C3DC16B728F96816008A6B3F /* ExerciseTableViewController.swift */; };
		C3DC16C228F99B42008A6B3F /* SetsViewController.swift in Sources */ = {isa = PBXBuildFile; fileRef = C3DC16C128F99B42008A6B3F /* SetsViewController.swift */; };
		C3DC16C528F9A5E3008A6B3F /* DataModel.xcdatamodeld in Sources */ = {isa = PBXBuildFile; fileRef = C3DC16C328F9A5E3008A6B3F /* DataModel.xcdatamodeld */; };
		C3FBBA6928FC392700F469C9 /* PreviousSessionsTableViewController.swift in Sources */ = {isa = PBXBuildFile; fileRef = C3FBBA6828FC392700F469C9 /* PreviousSessionsTableViewController.swift */; };
		C3FBBA6B28FC398B00F469C9 /* SpecificSessionTableViewController.swift in Sources */ = {isa = PBXBuildFile; fileRef = C3FBBA6A28FC398B00F469C9 /* SpecificSessionTableViewController.swift */; };
/* End PBXBuildFile section */

/* Begin PBXFileReference section */
		C3D3A3A828F875FA00792F78 /* JimBro.app */ = {isa = PBXFileReference; explicitFileType = wrapper.application; includeInIndex = 0; path = JimBro.app; sourceTree = BUILT_PRODUCTS_DIR; };
		C3D3A3AB28F875FA00792F78 /* AppDelegate.swift */ = {isa = PBXFileReference; lastKnownFileType = sourcecode.swift; path = AppDelegate.swift; sourceTree = "<group>"; };
		C3D3A3AD28F875FA00792F78 /* SceneDelegate.swift */ = {isa = PBXFileReference; lastKnownFileType = sourcecode.swift; path = SceneDelegate.swift; sourceTree = "<group>"; };
		C3D3A3B228F875FA00792F78 /* Base */ = {isa = PBXFileReference; lastKnownFileType = file.storyboard; name = Base; path = Base.lproj/Main.storyboard; sourceTree = "<group>"; };
		C3D3A3B528F875FA00792F78 /* JimBro.xcdatamodel */ = {isa = PBXFileReference; lastKnownFileType = wrapper.xcdatamodel; path = JimBro.xcdatamodel; sourceTree = "<group>"; };
		C3D3A3B728F875FC00792F78 /* Assets.xcassets */ = {isa = PBXFileReference; lastKnownFileType = folder.assetcatalog; path = Assets.xcassets; sourceTree = "<group>"; };
		C3D3A3BA28F875FC00792F78 /* Base */ = {isa = PBXFileReference; lastKnownFileType = file.storyboard; name = Base; path = Base.lproj/LaunchScreen.storyboard; sourceTree = "<group>"; };
		C3D3A3BC28F875FC00792F78 /* Info.plist */ = {isa = PBXFileReference; lastKnownFileType = text.plist.xml; path = Info.plist; sourceTree = "<group>"; };
		C3D3A3C228F8765C00792F78 /* BodyPartTableViewController.swift */ = {isa = PBXFileReference; lastKnownFileType = sourcecode.swift; path = BodyPartTableViewController.swift; sourceTree = "<group>"; };
		C3DC16B728F96816008A6B3F /* ExerciseTableViewController.swift */ = {isa = PBXFileReference; lastKnownFileType = sourcecode.swift; path = ExerciseTableViewController.swift; sourceTree = "<group>"; };
		C3DC16C128F99B42008A6B3F /* SetsViewController.swift */ = {isa = PBXFileReference; lastKnownFileType = sourcecode.swift; path = SetsViewController.swift; sourceTree = "<group>"; };
		C3DC16C428F9A5E3008A6B3F /* DataModel.xcdatamodel */ = {isa = PBXFileReference; lastKnownFileType = wrapper.xcdatamodel; path = DataModel.xcdatamodel; sourceTree = "<group>"; };
		C3FBBA6828FC392700F469C9 /* PreviousSessionsTableViewController.swift */ = {isa = PBXFileReference; lastKnownFileType = sourcecode.swift; path = PreviousSessionsTableViewController.swift; sourceTree = "<group>"; };
		C3FBBA6A28FC398B00F469C9 /* SpecificSessionTableViewController.swift */ = {isa = PBXFileReference; lastKnownFileType = sourcecode.swift; path = SpecificSessionTableViewController.swift; sourceTree = "<group>"; };
/* End PBXFileReference section */

/* Begin PBXFrameworksBuildPhase section */
		C3D3A3A528F875FA00792F78 /* Frameworks */ = {
			isa = PBXFrameworksBuildPhase;
			buildActionMask = 2147483647;
			files = (
			);
			runOnlyForDeploymentPostprocessing = 0;
		};
/* End PBXFrameworksBuildPhase section */

/* Begin PBXGroup section */
		C3D3A39F28F875FA00792F78 = {
			isa = PBXGroup;
			children = (
				C3D3A3AA28F875FA00792F78 /* JimBro */,
				C3D3A3A928F875FA00792F78 /* Products */,
			);
			sourceTree = "<group>";
		};
		C3D3A3A928F875FA00792F78 /* Products */ = {
			isa = PBXGroup;
			children = (
				C3D3A3A828F875FA00792F78 /* JimBro.app */,
			);
			name = Products;
			sourceTree = "<group>";
		};
		C3D3A3AA28F875FA00792F78 /* JimBro */ = {
			isa = PBXGroup;
			children = (
				C3D3A3AB28F875FA00792F78 /* AppDelegate.swift */,
				C3D3A3AD28F875FA00792F78 /* SceneDelegate.swift */,
				C3DC16B928F9684A008A6B3F /* Data model */,
				C3DC16B628F967FF008A6B3F /* Controllers */,
				C3DC16C028F97CEB008A6B3F /* Views */,
				C3D3A3B728F875FC00792F78 /* Assets.xcassets */,
				C3D3A3B928F875FC00792F78 /* LaunchScreen.storyboard */,
				C3D3A3BC28F875FC00792F78 /* Info.plist */,
				C3D3A3B428F875FA00792F78 /* JimBro.xcdatamodeld */,
			);
			path = JimBro;
			sourceTree = "<group>";
		};
		C3DC16B628F967FF008A6B3F /* Controllers */ = {
			isa = PBXGroup;
			children = (
				C3D3A3C228F8765C00792F78 /* BodyPartTableViewController.swift */,
				C3DC16B728F96816008A6B3F /* ExerciseTableViewController.swift */,
				C3DC16C128F99B42008A6B3F /* SetsViewController.swift */,
				C3FBBA6828FC392700F469C9 /* PreviousSessionsTableViewController.swift */,
				C3FBBA6A28FC398B00F469C9 /* SpecificSessionTableViewController.swift */,
			);
			path = Controllers;
			sourceTree = "<group>";
		};
		C3DC16B928F9684A008A6B3F /* Data model */ = {
			isa = PBXGroup;
			children = (
				C3DC16C328F9A5E3008A6B3F /* DataModel.xcdatamodeld */,
			);
			path = "Data model";
			sourceTree = "<group>";
		};
		C3DC16C028F97CEB008A6B3F /* Views */ = {
			isa = PBXGroup;
			children = (
				C3D3A3B128F875FA00792F78 /* Main.storyboard */,
			);
			path = Views;
			sourceTree = "<group>";
		};
/* End PBXGroup section */

/* Begin PBXNativeTarget section */
		C3D3A3A728F875FA00792F78 /* JimBro */ = {
			isa = PBXNativeTarget;
			buildConfigurationList = C3D3A3BF28F875FC00792F78 /* Build configuration list for PBXNativeTarget "JimBro" */;
			buildPhases = (
				C3D3A3A428F875FA00792F78 /* Sources */,
				C3D3A3A528F875FA00792F78 /* Frameworks */,
				C3D3A3A628F875FA00792F78 /* Resources */,
			);
			buildRules = (
			);
			dependencies = (
			);
			name = JimBro;
			productName = JimBro;
			productReference = C3D3A3A828F875FA00792F78 /* JimBro.app */;
			productType = "com.apple.product-type.application";
		};
/* End PBXNativeTarget section */

/* Begin PBXProject section */
		C3D3A3A028F875FA00792F78 /* Project object */ = {
			isa = PBXProject;
			attributes = {
				BuildIndependentTargetsInParallel = 1;
				LastSwiftUpdateCheck = 1320;
				LastUpgradeCheck = 1320;
				TargetAttributes = {
					C3D3A3A728F875FA00792F78 = {
						CreatedOnToolsVersion = 13.2.1;
					};
				};
			};
			buildConfigurationList = C3D3A3A328F875FA00792F78 /* Build configuration list for PBXProject "JimBro" */;
			compatibilityVersion = "Xcode 13.0";
			developmentRegion = en;
			hasScannedForEncodings = 0;
			knownRegions = (
				en,
				Base,
			);
			mainGroup = C3D3A39F28F875FA00792F78;
			productRefGroup = C3D3A3A928F875FA00792F78 /* Products */;
			projectDirPath = "";
			projectRoot = "";
			targets = (
				C3D3A3A728F875FA00792F78 /* JimBro */,
			);
		};
/* End PBXProject section */

/* Begin PBXResourcesBuildPhase section */
		C3D3A3A628F875FA00792F78 /* Resources */ = {
			isa = PBXResourcesBuildPhase;
			buildActionMask = 2147483647;
			files = (
				C3D3A3BB28F875FC00792F78 /* LaunchScreen.storyboard in Resources */,
				C3D3A3B828F875FC00792F78 /* Assets.xcassets in Resources */,
				C3D3A3B328F875FA00792F78 /* Main.storyboard in Resources */,
			);
			runOnlyForDeploymentPostprocessing = 0;
		};
/* End PBXResourcesBuildPhase section */

/* Begin PBXSourcesBuildPhase section */
		C3D3A3A428F875FA00792F78 /* Sources */ = {
			isa = PBXSourcesBuildPhase;
			buildActionMask = 2147483647;
			files = (
				C3D3A3C328F8765C00792F78 /* BodyPartTableViewController.swift in Sources */,
				C3DC16C528F9A5E3008A6B3F /* DataModel.xcdatamodeld in Sources */,
				C3DC16B828F96816008A6B3F /* ExerciseTableViewController.swift in Sources */,
				C3D3A3AC28F875FA00792F78 /* AppDelegate.swift in Sources */,
				C3D3A3B628F875FA00792F78 /* JimBro.xcdatamodeld in Sources */,
				C3FBBA6B28FC398B00F469C9 /* SpecificSessionTableViewController.swift in Sources */,
				C3DC16C228F99B42008A6B3F /* SetsViewController.swift in Sources */,
				C3D3A3AE28F875FA00792F78 /* SceneDelegate.swift in Sources */,
				C3FBBA6928FC392700F469C9 /* PreviousSessionsTableViewController.swift in Sources */,
			);
			runOnlyForDeploymentPostprocessing = 0;
		};
/* End PBXSourcesBuildPhase section */

/* Begin PBXVariantGroup section */
		C3D3A3B128F875FA00792F78 /* Main.storyboard */ = {
			isa = PBXVariantGroup;
			children = (
				C3D3A3B228F875FA00792F78 /* Base */,
			);
			name = Main.storyboard;
			sourceTree = "<group>";
		};
		C3D3A3B928F875FC00792F78 /* LaunchScreen.storyboard */ = {
			isa = PBXVariantGroup;
			children = (
				C3D3A3BA28F875FC00792F78 /* Base */,
			);
			name = LaunchScreen.storyboard;
			sourceTree = "<group>";
		};
/* End PBXVariantGroup section */

/* Begin XCBuildConfiguration section */
		C3D3A3BD28F875FC00792F78 /* Debug */ = {
			isa = XCBuildConfiguration;
			buildSettings = {
				ALWAYS_SEARCH_USER_PATHS = NO;
				CLANG_ANALYZER_NONNULL = YES;
				CLANG_ANALYZER_NUMBER_OBJECT_CONVERSION = YES_AGGRESSIVE;
				CLANG_CXX_LANGUAGE_STANDARD = "gnu++17";
				CLANG_CXX_LIBRARY = "libc++";
				CLANG_ENABLE_MODULES = YES;
				CLANG_ENABLE_OBJC_ARC = YES;
				CLANG_ENABLE_OBJC_WEAK = YES;
				CLANG_WARN_BLOCK_CAPTURE_AUTORELEASING = YES;
				CLANG_WARN_BOOL_CONVERSION = YES;
				CLANG_WARN_COMMA = YES;
				CLANG_WARN_CONSTANT_CONVERSION = YES;
				CLANG_WARN_DEPRECATED_OBJC_IMPLEMENTATIONS = YES;
				CLANG_WARN_DIRECT_OBJC_ISA_USAGE = YES_ERROR;
				CLANG_WARN_DOCUMENTATION_COMMENTS = YES;
				CLANG_WARN_EMPTY_BODY = YES;
				CLANG_WARN_ENUM_CONVERSION = YES;
				CLANG_WARN_INFINITE_RECURSION = YES;
				CLANG_WARN_INT_CONVERSION = YES;
				CLANG_WARN_NON_LITERAL_NULL_CONVERSION = YES;
				CLANG_WARN_OBJC_IMPLICIT_RETAIN_SELF = YES;
				CLANG_WARN_OBJC_LITERAL_CONVERSION = YES;
				CLANG_WARN_OBJC_ROOT_CLASS = YES_ERROR;
				CLANG_WARN_QUOTED_INCLUDE_IN_FRAMEWORK_HEADER = YES;
				CLANG_WARN_RANGE_LOOP_ANALYSIS = YES;
				CLANG_WARN_STRICT_PROTOTYPES = YES;
				CLANG_WARN_SUSPICIOUS_MOVE = YES;
				CLANG_WARN_UNGUARDED_AVAILABILITY = YES_AGGRESSIVE;
				CLANG_WARN_UNREACHABLE_CODE = YES;
				CLANG_WARN__DUPLICATE_METHOD_MATCH = YES;
				COPY_PHASE_STRIP = NO;
				DEBUG_INFORMATION_FORMAT = dwarf;
				ENABLE_STRICT_OBJC_MSGSEND = YES;
				ENABLE_TESTABILITY = YES;
				GCC_C_LANGUAGE_STANDARD = gnu11;
				GCC_DYNAMIC_NO_PIC = NO;
				GCC_NO_COMMON_BLOCKS = YES;
				GCC_OPTIMIZATION_LEVEL = 0;
				GCC_PREPROCESSOR_DEFINITIONS = (
					"DEBUG=1",
					"$(inherited)",
				);
				GCC_WARN_64_TO_32_BIT_CONVERSION = YES;
				GCC_WARN_ABOUT_RETURN_TYPE = YES_ERROR;
				GCC_WARN_UNDECLARED_SELECTOR = YES;
				GCC_WARN_UNINITIALIZED_AUTOS = YES_AGGRESSIVE;
				GCC_WARN_UNUSED_FUNCTION = YES;
				GCC_WARN_UNUSED_VARIABLE = YES;
				IPHONEOS_DEPLOYMENT_TARGET = 15.2;
				MTL_ENABLE_DEBUG_INFO = INCLUDE_SOURCE;
				MTL_FAST_MATH = YES;
				ONLY_ACTIVE_ARCH = YES;
				SDKROOT = iphoneos;
				SWIFT_ACTIVE_COMPILATION_CONDITIONS = DEBUG;
				SWIFT_OPTIMIZATION_LEVEL = "-Onone";
			};
			name = Debug;
		};
		C3D3A3BE28F875FC00792F78 /* Release */ = {
			isa = XCBuildConfiguration;
			buildSettings = {
				ALWAYS_SEARCH_USER_PATHS = NO;
				CLANG_ANALYZER_NONNULL = YES;
				CLANG_ANALYZER_NUMBER_OBJECT_CONVERSION = YES_AGGRESSIVE;
				CLANG_CXX_LANGUAGE_STANDARD = "gnu++17";
				CLANG_CXX_LIBRARY = "libc++";
				CLANG_ENABLE_MODULES = YES;
				CLANG_ENABLE_OBJC_ARC = YES;
				CLANG_ENABLE_OBJC_WEAK = YES;
				CLANG_WARN_BLOCK_CAPTURE_AUTORELEASING = YES;
				CLANG_WARN_BOOL_CONVERSION = YES;
				CLANG_WARN_COMMA = YES;
				CLANG_WARN_CONSTANT_CONVERSION = YES;
				CLANG_WARN_DEPRECATED_OBJC_IMPLEMENTATIONS = YES;
				CLANG_WARN_DIRECT_OBJC_ISA_USAGE = YES_ERROR;
				CLANG_WARN_DOCUMENTATION_COMMENTS = YES;
				CLANG_WARN_EMPTY_BODY = YES;
				CLANG_WARN_ENUM_CONVERSION = YES;
				CLANG_WARN_INFINITE_RECURSION = YES;
				CLANG_WARN_INT_CONVERSION = YES;
				CLANG_WARN_NON_LITERAL_NULL_CONVERSION = YES;
				CLANG_WARN_OBJC_IMPLICIT_RETAIN_SELF = YES;
				CLANG_WARN_OBJC_LITERAL_CONVERSION = YES;
				CLANG_WARN_OBJC_ROOT_CLASS = YES_ERROR;
				CLANG_WARN_QUOTED_INCLUDE_IN_FRAMEWORK_HEADER = YES;
				CLANG_WARN_RANGE_LOOP_ANALYSIS = YES;
				CLANG_WARN_STRICT_PROTOTYPES = YES;
				CLANG_WARN_SUSPICIOUS_MOVE = YES;
				CLANG_WARN_UNGUARDED_AVAILABILITY = YES_AGGRESSIVE;
				CLANG_WARN_UNREACHABLE_CODE = YES;
				CLANG_WARN__DUPLICATE_METHOD_MATCH = YES;
				COPY_PHASE_STRIP = NO;
				DEBUG_INFORMATION_FORMAT = "dwarf-with-dsym";
				ENABLE_NS_ASSERTIONS = NO;
				ENABLE_STRICT_OBJC_MSGSEND = YES;
				GCC_C_LANGUAGE_STANDARD = gnu11;
				GCC_NO_COMMON_BLOCKS = YES;
				GCC_WARN_64_TO_32_BIT_CONVERSION = YES;
				GCC_WARN_ABOUT_RETURN_TYPE = YES_ERROR;
				GCC_WARN_UNDECLARED_SELECTOR = YES;
				GCC_WARN_UNINITIALIZED_AUTOS = YES_AGGRESSIVE;
				GCC_WARN_UNUSED_FUNCTION = YES;
				GCC_WARN_UNUSED_VARIABLE = YES;
				IPHONEOS_DEPLOYMENT_TARGET = 15.2;
				MTL_ENABLE_DEBUG_INFO = NO;
				MTL_FAST_MATH = YES;
				SDKROOT = iphoneos;
				SWIFT_COMPILATION_MODE = wholemodule;
				SWIFT_OPTIMIZATION_LEVEL = "-O";
				VALIDATE_PRODUCT = YES;
			};
			name = Release;
		};
		C3D3A3C028F875FC00792F78 /* Debug */ = {
			isa = XCBuildConfiguration;
			buildSettings = {
				ASSETCATALOG_COMPILER_APPICON_NAME = AppIcon;
				ASSETCATALOG_COMPILER_GLOBAL_ACCENT_COLOR_NAME = AccentColor;
				CODE_SIGN_STYLE = Automatic;
				CURRENT_PROJECT_VERSION = 1;
				GENERATE_INFOPLIST_FILE = YES;
				INFOPLIST_FILE = JimBro/Info.plist;
				INFOPLIST_KEY_UIApplicationSupportsIndirectInputEvents = YES;
				INFOPLIST_KEY_UILaunchStoryboardName = LaunchScreen;
				INFOPLIST_KEY_UIMainStoryboardFile = Main;
				INFOPLIST_KEY_UISupportedInterfaceOrientations_iPad = "UIInterfaceOrientationPortrait UIInterfaceOrientationPortraitUpsideDown UIInterfaceOrientationLandscapeLeft UIInterfaceOrientationLandscapeRight";
				INFOPLIST_KEY_UISupportedInterfaceOrientations_iPhone = "UIInterfaceOrientationPortrait UIInterfaceOrientationLandscapeLeft UIInterfaceOrientationLandscapeRight";
				LD_RUNPATH_SEARCH_PATHS = (
					"$(inherited)",
					"@executable_path/Frameworks",
				);
				MARKETING_VERSION = 1.0;
				PRODUCT_BUNDLE_IDENTIFIER = MartinKusek.JimBro;
				PRODUCT_NAME = "$(TARGET_NAME)";
				SWIFT_EMIT_LOC_STRINGS = YES;
				SWIFT_VERSION = 5.0;
				TARGETED_DEVICE_FAMILY = "1,2";
			};
			name = Debug;
		};
		C3D3A3C128F875FC00792F78 /* Release */ = {
			isa = XCBuildConfiguration;
			buildSettings = {
				ASSETCATALOG_COMPILER_APPICON_NAME = AppIcon;
				ASSETCATALOG_COMPILER_GLOBAL_ACCENT_COLOR_NAME = AccentColor;
				CODE_SIGN_STYLE = Automatic;
				CURRENT_PROJECT_VERSION = 1;
				GENERATE_INFOPLIST_FILE = YES;
				INFOPLIST_FILE = JimBro/Info.plist;
				INFOPLIST_KEY_UIApplicationSupportsIndirectInputEvents = YES;
				INFOPLIST_KEY_UILaunchStoryboardName = LaunchScreen;
				INFOPLIST_KEY_UIMainStoryboardFile = Main;
				INFOPLIST_KEY_UISupportedInterfaceOrientations_iPad = "UIInterfaceOrientationPortrait UIInterfaceOrientationPortraitUpsideDown UIInterfaceOrientationLandscapeLeft UIInterfaceOrientationLandscapeRight";
				INFOPLIST_KEY_UISupportedInterfaceOrientations_iPhone = "UIInterfaceOrientationPortrait UIInterfaceOrientationLandscapeLeft UIInterfaceOrientationLandscapeRight";
				LD_RUNPATH_SEARCH_PATHS = (
					"$(inherited)",
					"@executable_path/Frameworks",
				);
				MARKETING_VERSION = 1.0;
				PRODUCT_BUNDLE_IDENTIFIER = MartinKusek.JimBro;
				PRODUCT_NAME = "$(TARGET_NAME)";
				SWIFT_EMIT_LOC_STRINGS = YES;
				SWIFT_VERSION = 5.0;
				TARGETED_DEVICE_FAMILY = "1,2";
			};
			name = Release;
		};
/* End XCBuildConfiguration section */

/* Begin XCConfigurationList section */
		C3D3A3A328F875FA00792F78 /* Build configuration list for PBXProject "JimBro" */ = {
			isa = XCConfigurationList;
			buildConfigurations = (
				C3D3A3BD28F875FC00792F78 /* Debug */,
				C3D3A3BE28F875FC00792F78 /* Release */,
			);
			defaultConfigurationIsVisible = 0;
			defaultConfigurationName = Release;
		};
		C3D3A3BF28F875FC00792F78 /* Build configuration list for PBXNativeTarget "JimBro" */ = {
			isa = XCConfigurationList;
			buildConfigurations = (
				C3D3A3C028F875FC00792F78 /* Debug */,
				C3D3A3C128F875FC00792F78 /* Release */,
			);
			defaultConfigurationIsVisible = 0;
			defaultConfigurationName = Release;
		};
/* End XCConfigurationList section */

/* Begin XCVersionGroup section */
		C3D3A3B428F875FA00792F78 /* JimBro.xcdatamodeld */ = {
			isa = XCVersionGroup;
			children = (
				C3D3A3B528F875FA00792F78 /* JimBro.xcdatamodel */,
			);
			currentVersion = C3D3A3B528F875FA00792F78 /* JimBro.xcdatamodel */;
			path = JimBro.xcdatamodeld;
			sourceTree = "<group>";
			versionGroupType = wrapper.xcdatamodel;
		};
		C3DC16C328F9A5E3008A6B3F /* DataModel.xcdatamodeld */ = {
			isa = XCVersionGroup;
			children = (
				C3DC16C428F9A5E3008A6B3F /* DataModel.xcdatamodel */,
			);
			currentVersion = C3DC16C428F9A5E3008A6B3F /* DataModel.xcdatamodel */;
			path = DataModel.xcdatamodeld;
			sourceTree = "<group>";
			versionGroupType = wrapper.xcdatamodel;
		};
/* End XCVersionGroup section */
	};
	rootObject = C3D3A3A028F875FA00792F78 /* Project object */;
}
